
Microsoft Visual Studio Solution File, Format Version 12.00
# Visual Studio Version 17
VisualStudioVersion = 17.6.33706.43
MinimumVisualStudioVersion = 10.0.40219.1
Project("{9A19103F-16F7-4668-BE54-9A1E7A4F7556}") = "WpfImageViewer", "WpfImageViewer\WpfImageViewer.csproj", "{097DB850-6065-4807-9226-C102C0B2219D}"
EndProject
Global
	GlobalSection(SolutionConfigurationPlatforms) = preSolution
		Debug|Any CPU = Debug|Any CPU
		Release|Any CPU = Release|Any CPU
	EndGlobalSection
	GlobalSection(ProjectConfigurationPlatforms) = postSolution
		{097DB850-6065-4807-9226-C102C0B2219D}.Debug|Any CPU.ActiveCfg = Debug|Any CPU
		{097DB850-6065-4807-9226-C102C0B2219D}.Debug|Any CPU.Build.0 = Debug|Any CPU
		{097DB850-6065-4807-9226-C102C0B2219D}.Release|Any CPU.ActiveCfg = Release|Any CPU
		{097DB850-6065-4807-9226-C102C0B2219D}.Release|Any CPU.Build.0 = Release|Any CPU
	EndGlobalSection
	GlobalSection(SolutionProperties) = preSolution
		HideSolutionNode = FALSE
	EndGlobalSection
	GlobalSection(ExtensibilityGlobals) = postSolution
		SolutionGuid = {505739C5-1E10-4358-AD28-D19E43E765F2}
	EndGlobalSection
EndGlobal
